// !$*UTF8*$!
{
	archiveVersion = 1;
	classes = {
	};
	objectVersion = 46;
	objects = {

/* Begin PBXBuildFile section */
		EE24C8D516C752B7009E3C54 /* UIKit.framework in Frameworks */ = {isa = PBXBuildFile; fileRef = EE24C8D416C752B7009E3C54 /* UIKit.framework */; };
		EE24C8D716C752B7009E3C54 /* Foundation.framework in Frameworks */ = {isa = PBXBuildFile; fileRef = EE24C8D616C752B7009E3C54 /* Foundation.framework */; };
		EE24C8D916C752B7009E3C54 /* CoreGraphics.framework in Frameworks */ = {isa = PBXBuildFile; fileRef = EE24C8D816C752B7009E3C54 /* CoreGraphics.framework */; };
		EE24C8DF16C752B7009E3C54 /* InfoPlist.strings in Resources */ = {isa = PBXBuildFile; fileRef = EE24C8DD16C752B7009E3C54 /* InfoPlist.strings */; };
		EE24C8E116C752B8009E3C54 /* main.m in Sources */ = {isa = PBXBuildFile; fileRef = EE24C8E016C752B8009E3C54 /* main.m */; };
		EE24C8E516C752B8009E3C54 /* AppDelegate.m in Sources */ = {isa = PBXBuildFile; fileRef = EE24C8E416C752B8009E3C54 /* AppDelegate.m */; };
		EE24C8E716C752B8009E3C54 /* Default.png in Resources */ = {isa = PBXBuildFile; fileRef = EE24C8E616C752B8009E3C54 /* Default.png */; };
		EE24C8E916C752B8009E3C54 /* Default@2x.png in Resources */ = {isa = PBXBuildFile; fileRef = EE24C8E816C752B8009E3C54 /* Default@2x.png */; };
		EE24C8EB16C752B8009E3C54 /* Default-568h@2x.png in Resources */ = {isa = PBXBuildFile; fileRef = EE24C8EA16C752B8009E3C54 /* Default-568h@2x.png */; };
		EE24C8EE16C752B8009E3C54 /* MainStoryboard_iPhone.storyboard in Resources */ = {isa = PBXBuildFile; fileRef = EE24C8EC16C752B8009E3C54 /* MainStoryboard_iPhone.storyboard */; };
		EE24C8F116C752B8009E3C54 /* MainStoryboard_iPad.storyboard in Resources */ = {isa = PBXBuildFile; fileRef = EE24C8EF16C752B8009E3C54 /* MainStoryboard_iPad.storyboard */; };
		EE24C8F416C752B8009E3C54 /* ViewController.m in Sources */ = {isa = PBXBuildFile; fileRef = EE24C8F316C752B8009E3C54 /* ViewController.m */; };
		EE9A891816C891F7009EF36D /* README.md in Resources */ = {isa = PBXBuildFile; fileRef = EE9A891716C891F7009EF36D /* README.md */; };
/* End PBXBuildFile section */

/* Begin PBXFileReference section */
		EE24C8D016C752B7009E3C54 /* AttributedTextTests.app */ = {isa = PBXFileReference; explicitFileType = wrapper.application; includeInIndex = 0; path = AttributedTextTests.app; sourceTree = BUILT_PRODUCTS_DIR; };
		EE24C8D416C752B7009E3C54 /* UIKit.framework */ = {isa = PBXFileReference; lastKnownFileType = wrapper.framework; name = UIKit.framework; path = System/Library/Frameworks/UIKit.framework; sourceTree = SDKROOT; };
		EE24C8D616C752B7009E3C54 /* Foundation.framework */ = {isa = PBXFileReference; lastKnownFileType = wrapper.framework; name = Foundation.framework; path = System/Library/Frameworks/Foundation.framework; sourceTree = SDKROOT; };
		EE24C8D816C752B7009E3C54 /* CoreGraphics.framework */ = {isa = PBXFileReference; lastKnownFileType = wrapper.framework; name = CoreGraphics.framework; path = System/Library/Frameworks/CoreGraphics.framework; sourceTree = SDKROOT; };
		EE24C8DC16C752B7009E3C54 /* AttributedTextTests-Info.plist */ = {isa = PBXFileReference; lastKnownFileType = text.plist.xml; path = "AttributedTextTests-Info.plist"; sourceTree = "<group>"; };
		EE24C8DE16C752B7009E3C54 /* en */ = {isa = PBXFileReference; lastKnownFileType = text.plist.strings; name = en; path = en.lproj/InfoPlist.strings; sourceTree = "<group>"; };
		EE24C8E016C752B8009E3C54 /* main.m */ = {isa = PBXFileReference; lastKnownFileType = sourcecode.c.objc; path = main.m; sourceTree = "<group>"; };
		EE24C8E216C752B8009E3C54 /* AttributedTextTests-Prefix.pch */ = {isa = PBXFileReference; lastKnownFileType = sourcecode.c.h; path = "AttributedTextTests-Prefix.pch"; sourceTree = "<group>"; };
		EE24C8E316C752B8009E3C54 /* AppDelegate.h */ = {isa = PBXFileReference; lastKnownFileType = sourcecode.c.h; path = AppDelegate.h; sourceTree = "<group>"; };
		EE24C8E416C752B8009E3C54 /* AppDelegate.m */ = {isa = PBXFileReference; lastKnownFileType = sourcecode.c.objc; path = AppDelegate.m; sourceTree = "<group>"; };
		EE24C8E616C752B8009E3C54 /* Default.png */ = {isa = PBXFileReference; lastKnownFileType = image.png; path = Default.png; sourceTree = "<group>"; };
		EE24C8E816C752B8009E3C54 /* Default@2x.png */ = {isa = PBXFileReference; lastKnownFileType = image.png; path = "Default@2x.png"; sourceTree = "<group>"; };
		EE24C8EA16C752B8009E3C54 /* Default-568h@2x.png */ = {isa = PBXFileReference; lastKnownFileType = image.png; path = "Default-568h@2x.png"; sourceTree = "<group>"; };
		EE24C8ED16C752B8009E3C54 /* en */ = {isa = PBXFileReference; lastKnownFileType = file.storyboard; name = en; path = en.lproj/MainStoryboard_iPhone.storyboard; sourceTree = "<group>"; };
		EE24C8F016C752B8009E3C54 /* en */ = {isa = PBXFileReference; lastKnownFileType = file.storyboard; name = en; path = en.lproj/MainStoryboard_iPad.storyboard; sourceTree = "<group>"; };
		EE24C8F216C752B8009E3C54 /* ViewController.h */ = {isa = PBXFileReference; lastKnownFileType = sourcecode.c.h; path = ViewController.h; sourceTree = "<group>"; };
		EE24C8F316C752B8009E3C54 /* ViewController.m */ = {isa = PBXFileReference; lastKnownFileType = sourcecode.c.objc; path = ViewController.m; sourceTree = "<group>"; };
		EE9A891716C891F7009EF36D /* README.md */ = {isa = PBXFileReference; fileEncoding = 4; lastKnownFileType = text; path = README.md; sourceTree = "<group>"; };
/* End PBXFileReference section */

/* Begin PBXFrameworksBuildPhase section */
		EE24C8CD16C752B7009E3C54 /* Frameworks */ = {
			isa = PBXFrameworksBuildPhase;
			buildActionMask = 2147483647;
			files = (
				EE24C8D516C752B7009E3C54 /* UIKit.framework in Frameworks */,
				EE24C8D716C752B7009E3C54 /* Foundation.framework in Frameworks */,
				EE24C8D916C752B7009E3C54 /* CoreGraphics.framework in Frameworks */,
			);
			runOnlyForDeploymentPostprocessing = 0;
		};
/* End PBXFrameworksBuildPhase section */

/* Begin PBXGroup section */
		EE24C8C516C752B7009E3C54 = {
			isa = PBXGroup;
			children = (
				EE24C8DA16C752B7009E3C54 /* AttributedTextTests */,
				EE24C8D316C752B7009E3C54 /* Frameworks */,
				EE24C8D116C752B7009E3C54 /* Products */,
			);
			sourceTree = "<group>";
		};
		EE24C8D116C752B7009E3C54 /* Products */ = {
			isa = PBXGroup;
			children = (
				EE24C8D016C752B7009E3C54 /* AttributedTextTests.app */,
			);
			name = Products;
			sourceTree = "<group>";
		};
		EE24C8D316C752B7009E3C54 /* Frameworks */ = {
			isa = PBXGroup;
			children = (
				EE24C8D416C752B7009E3C54 /* UIKit.framework */,
				EE24C8D616C752B7009E3C54 /* Foundation.framework */,
				EE24C8D816C752B7009E3C54 /* CoreGraphics.framework */,
			);
			name = Frameworks;
			sourceTree = "<group>";
		};
		EE24C8DA16C752B7009E3C54 /* AttributedTextTests */ = {
			isa = PBXGroup;
			children = (
				EE24C8E316C752B8009E3C54 /* AppDelegate.h */,
				EE24C8E416C752B8009E3C54 /* AppDelegate.m */,
				EE24C8EC16C752B8009E3C54 /* MainStoryboard_iPhone.storyboard */,
				EE9A891716C891F7009EF36D /* README.md */,
				EE24C8EF16C752B8009E3C54 /* MainStoryboard_iPad.storyboard */,
				EE24C8F216C752B8009E3C54 /* ViewController.h */,
				EE24C8F316C752B8009E3C54 /* ViewController.m */,
				EE24C8DB16C752B7009E3C54 /* Supporting Files */,
			);
			path = AttributedTextTests;
			sourceTree = "<group>";
		};
		EE24C8DB16C752B7009E3C54 /* Supporting Files */ = {
			isa = PBXGroup;
			children = (
				EE24C8DC16C752B7009E3C54 /* AttributedTextTests-Info.plist */,
				EE24C8DD16C752B7009E3C54 /* InfoPlist.strings */,
				EE24C8E016C752B8009E3C54 /* main.m */,
				EE24C8E216C752B8009E3C54 /* AttributedTextTests-Prefix.pch */,
				EE24C8E616C752B8009E3C54 /* Default.png */,
				EE24C8E816C752B8009E3C54 /* Default@2x.png */,
				EE24C8EA16C752B8009E3C54 /* Default-568h@2x.png */,
			);
			name = "Supporting Files";
			sourceTree = "<group>";
		};
/* End PBXGroup section */

/* Begin PBXNativeTarget section */
		EE24C8CF16C752B7009E3C54 /* AttributedTextTests */ = {
			isa = PBXNativeTarget;
			buildConfigurationList = EE24C8F716C752B8009E3C54 /* Build configuration list for PBXNativeTarget "AttributedTextTests" */;
			buildPhases = (
				EE24C8CC16C752B7009E3C54 /* Sources */,
				EE24C8CD16C752B7009E3C54 /* Frameworks */,
				EE24C8CE16C752B7009E3C54 /* Resources */,
			);
			buildRules = (
			);
			dependencies = (
			);
			name = AttributedTextTests;
			productName = AttributedTextTests;
			productReference = EE24C8D016C752B7009E3C54 /* AttributedTextTests.app */;
			productType = "com.apple.product-type.application";
		};
/* End PBXNativeTarget section */

/* Begin PBXProject section */
		EE24C8C716C752B7009E3C54 /* Project object */ = {
			isa = PBXProject;
			attributes = {
				LastUpgradeCheck = 0450;
				ORGANIZATIONNAME = "Rob Rogers";
			};
			buildConfigurationList = EE24C8CA16C752B7009E3C54 /* Build configuration list for PBXProject "AttributedTextTests" */;
			compatibilityVersion = "Xcode 3.2";
			developmentRegion = English;
			hasScannedForEncodings = 0;
			knownRegions = (
				en,
			);
			mainGroup = EE24C8C516C752B7009E3C54;
			productRefGroup = EE24C8D116C752B7009E3C54 /* Products */;
			projectDirPath = "";
			projectRoot = "";
			targets = (
				EE24C8CF16C752B7009E3C54 /* AttributedTextTests */,
			);
		};
/* End PBXProject section */

/* Begin PBXResourcesBuildPhase section */
		EE24C8CE16C752B7009E3C54 /* Resources */ = {
			isa = PBXResourcesBuildPhase;
			buildActionMask = 2147483647;
			files = (
				EE24C8DF16C752B7009E3C54 /* InfoPlist.strings in Resources */,
				EE24C8E716C752B8009E3C54 /* Default.png in Resources */,
				EE24C8E916C752B8009E3C54 /* Default@2x.png in Resources */,
				EE24C8EB16C752B8009E3C54 /* Default-568h@2x.png in Resources */,
				EE24C8EE16C752B8009E3C54 /* MainStoryboard_iPhone.storyboard in Resources */,
				EE24C8F116C752B8009E3C54 /* MainStoryboard_iPad.storyboard in Resources */,
				EE9A891816C891F7009EF36D /* README.md in Resources */,
			);
			runOnlyForDeploymentPostprocessing = 0;
		};
/* End PBXResourcesBuildPhase section */

/* Begin PBXSourcesBuildPhase section */
		EE24C8CC16C752B7009E3C54 /* Sources */ = {
			isa = PBXSourcesBuildPhase;
			buildActionMask = 2147483647;
			files = (
				EE24C8E116C752B8009E3C54 /* main.m in Sources */,
				EE24C8E516C752B8009E3C54 /* AppDelegate.m in Sources */,
				EE24C8F416C752B8009E3C54 /* ViewController.m in Sources */,
			);
			runOnlyForDeploymentPostprocessing = 0;
		};
/* End PBXSourcesBuildPhase section */

/* Begin PBXVariantGroup section */
		EE24C8DD16C752B7009E3C54 /* InfoPlist.strings */ = {
			isa = PBXVariantGroup;
			children = (
				EE24C8DE16C752B7009E3C54 /* en */,
			);
			name = InfoPlist.strings;
			sourceTree = "<group>";
		};
		EE24C8EC16C752B8009E3C54 /* MainStoryboard_iPhone.storyboard */ = {
			isa = PBXVariantGroup;
			children = (
				EE24C8ED16C752B8009E3C54 /* en */,
			);
			name = MainStoryboard_iPhone.storyboard;
			sourceTree = "<group>";
		};
		EE24C8EF16C752B8009E3C54 /* MainStoryboard_iPad.storyboard */ = {
			isa = PBXVariantGroup;
			children = (
				EE24C8F016C752B8009E3C54 /* en */,
			);
			name = MainStoryboard_iPad.storyboard;
			sourceTree = "<group>";
		};
/* End PBXVariantGroup section */

/* Begin XCBuildConfiguration section */
		EE24C8F516C752B8009E3C54 /* Debug */ = {
			isa = XCBuildConfiguration;
			buildSettings = {
				ALWAYS_SEARCH_USER_PATHS = NO;
				CLANG_CXX_LANGUAGE_STANDARD = "gnu++0x";
				CLANG_CXX_LIBRARY = "libc++";
				CLANG_ENABLE_OBJC_ARC = YES;
				CLANG_WARN_EMPTY_BODY = YES;
				CLANG_WARN__DUPLICATE_METHOD_MATCH = YES;
				"CODE_SIGN_IDENTITY[sdk=iphoneos*]" = "iPhone Developer";
				COPY_PHASE_STRIP = NO;
				GCC_C_LANGUAGE_STANDARD = gnu99;
				GCC_DYNAMIC_NO_PIC = NO;
				GCC_OPTIMIZATION_LEVEL = 0;
				GCC_PREPROCESSOR_DEFINITIONS = (
					"DEBUG=1",
					"$(inherited)",
				);
				GCC_SYMBOLS_PRIVATE_EXTERN = NO;
				GCC_WARN_ABOUT_RETURN_TYPE = YES;
				GCC_WARN_UNINITIALIZED_AUTOS = YES;
				GCC_WARN_UNUSED_VARIABLE = YES;
				IPHONEOS_DEPLOYMENT_TARGET = 6.0;
				ONLY_ACTIVE_ARCH = YES;
				SDKROOT = iphoneos;
				TARGETED_DEVICE_FAMILY = "1,2";
			};
			name = Debug;
		};
		EE24C8F616C752B8009E3C54 /* Release */ = {
			isa = XCBuildConfiguration;
			buildSettings = {
				ALWAYS_SEARCH_USER_PATHS = NO;
				CLANG_CXX_LANGUAGE_STANDARD = "gnu++0x";
				CLANG_CXX_LIBRARY = "libc++";
				CLANG_ENABLE_OBJC_ARC = YES;
				CLANG_WARN_EMPTY_BODY = YES;
				CLANG_WARN__DUPLICATE_METHOD_MATCH = YES;
				"CODE_SIGN_IDENTITY[sdk=iphoneos*]" = "iPhone Developer";
				COPY_PHASE_STRIP = YES;
				GCC_C_LANGUAGE_STANDARD = gnu99;
				GCC_WARN_ABOUT_RETURN_TYPE = YES;
				GCC_WARN_UNINITIALIZED_AUTOS = YES;
				GCC_WARN_UNUSED_VARIABLE = YES;
				IPHONEOS_DEPLOYMENT_TARGET = 6.0;
				OTHER_CFLAGS = "-DNS_BLOCK_ASSERTIONS=1";
				SDKROOT = iphoneos;
				TARGETED_DEVICE_FAMILY = "1,2";
				VALIDATE_PRODUCT = YES;
			};
			name = Release;
		};
		EE24C8F816C752B8009E3C54 /* Debug */ = {
			isa = XCBuildConfiguration;
			buildSettings = {
				GCC_PRECOMPILE_PREFIX_HEADER = YES;
				GCC_PREFIX_HEADER = "AttributedTextTests/AttributedTextTests-Prefix.pch";
				INFOPLIST_FILE = "AttributedTextTests/AttributedTextTests-Info.plist";
				IPHONEOS_DEPLOYMENT_TARGET = 6.0;
				PRODUCT_NAME = "$(TARGET_NAME)";
				TARGETED_DEVICE_FAMILY = "1,2";
				WRAPPER_EXTENSION = app;
			};
			name = Debug;
		};
		EE24C8F916C752B8009E3C54 /* Release */ = {
			isa = XCBuildConfiguration;
			buildSettings = {
				GCC_PRECOMPILE_PREFIX_HEADER = YES;
				GCC_PREFIX_HEADER = "AttributedTextTests/AttributedTextTests-Prefix.pch";
				INFOPLIST_FILE = "AttributedTextTests/AttributedTextTests-Info.plist";
				IPHONEOS_DEPLOYMENT_TARGET = 6.0;
				PRODUCT_NAME = "$(TARGET_NAME)";
				TARGETED_DEVICE_FAMILY = "1,2";
				WRAPPER_EXTENSION = app;
			};
			name = Release;
		};
/* End XCBuildConfiguration section */

/* Begin XCConfigurationList section */
		EE24C8CA16C752B7009E3C54 /* Build configuration list for PBXProject "AttributedTextTests" */ = {
			isa = XCConfigurationList;
			buildConfigurations = (
				EE24C8F516C752B8009E3C54 /* Debug */,
				EE24C8F616C752B8009E3C54 /* Release */,
			);
			defaultConfigurationIsVisible = 0;
			defaultConfigurationName = Release;
		};
		EE24C8F716C752B8009E3C54 /* Build configuration list for PBXNativeTarget "AttributedTextTests" */ = {
			isa = XCConfigurationList;
			buildConfigurations = (
				EE24C8F816C752B8009E3C54 /* Debug */,
				EE24C8F916C752B8009E3C54 /* Release */,
			);
			defaultConfigurationIsVisible = 0;
			defaultConfigurationName = Release;
		};
/* End XCConfigurationList section */
	};
	rootObject = EE24C8C716C752B7009E3C54 /* Project object */;
}
